
Microsoft Visual Studio Solution File, Format Version 12.00
# Visual Studio Version 16
VisualStudioVersion = 16.0.31702.278
MinimumVisualStudioVersion = 10.0.40219.1
Project("{FAE04EC0-301F-11D3-BF4B-00C04F79EFBC}") = "3A1Rafaela39", "3A1Rafaela39\3A1Rafaela39.csproj", "{3B23EC3D-6C15-4D9E-B3F3-1C075624758F}"
EndProject
Global
	GlobalSection(SolutionConfigurationPlatforms) = preSolution
		Debug|Any CPU = Debug|Any CPU
		Release|Any CPU = Release|Any CPU
	EndGlobalSection
	GlobalSection(ProjectConfigurationPlatforms) = postSolution
		{3B23EC3D-6C15-4D9E-B3F3-1C075624758F}.Debug|Any CPU.ActiveCfg = Debug|Any CPU
		{3B23EC3D-6C15-4D9E-B3F3-1C075624758F}.Debug|Any CPU.Build.0 = Debug|Any CPU
		{3B23EC3D-6C15-4D9E-B3F3-1C075624758F}.Release|Any CPU.ActiveCfg = Release|Any CPU
		{3B23EC3D-6C15-4D9E-B3F3-1C075624758F}.Release|Any CPU.Build.0 = Release|Any CPU
	EndGlobalSection
	GlobalSection(SolutionProperties) = preSolution
		HideSolutionNode = FALSE
	EndGlobalSection
	GlobalSection(ExtensibilityGlobals) = postSolution
		SolutionGuid = {C0251301-6A94-4ED9-B6A9-82004CB19E90}
	EndGlobalSection
EndGlobal
